
Microsoft Visual Studio Solution File, Format Version 12.00
# Visual Studio Version 17
VisualStudioVersion = 17.4.33213.308
MinimumVisualStudioVersion = 10.0.40219.1
Project("{FAE04EC0-301F-11D3-BF4B-00C04F79EFBC}") = "MyDataStructures", "MyDataStructures.csproj", "{88776A11-5E18-460C-A976-071EA17A4F62}"
EndProject
Global
	GlobalSection(SolutionConfigurationPlatforms) = preSolution
		Debug|Any CPU = Debug|Any CPU
		Release|Any CPU = Release|Any CPU
	EndGlobalSection
	GlobalSection(ProjectConfigurationPlatforms) = postSolution
		{88776A11-5E18-460C-A976-071EA17A4F62}.Debug|Any CPU.ActiveCfg = Debug|Any CPU
		{88776A11-5E18-460C-A976-071EA17A4F62}.Debug|Any CPU.Build.0 = Debug|Any CPU
		{88776A11-5E18-460C-A976-071EA17A4F62}.Release|Any CPU.ActiveCfg = Release|Any CPU
		{88776A11-5E18-460C-A976-071EA17A4F62}.Release|Any CPU.Build.0 = Release|Any CPU
	EndGlobalSection
	GlobalSection(SolutionProperties) = preSolution
		HideSolutionNode = FALSE
	EndGlobalSection
	GlobalSection(ExtensibilityGlobals) = postSolution
		SolutionGuid = {B5ECA8E7-73AC-47AD-900E-E87BA5B06F72}
	EndGlobalSection
EndGlobal
